
Microsoft Visual Studio Solution File, Format Version 12.00
# Visual Studio Version 16
VisualStudioVersion = 16.0.30114.105
MinimumVisualStudioVersion = 10.0.40219.1
Project("{FAE04EC0-301F-11D3-BF4B-00C04F79EFBC}") = "HomeWorkMapExample", "HomeWorkMapExample\HomeWorkMapExample.csproj", "{DA73B40A-7266-48D8-A391-160AF651FCED}"
EndProject
Global
	GlobalSection(SolutionConfigurationPlatforms) = preSolution
		Debug|Any CPU = Debug|Any CPU
		Release|Any CPU = Release|Any CPU
	EndGlobalSection
	GlobalSection(ProjectConfigurationPlatforms) = postSolution
		{DA73B40A-7266-48D8-A391-160AF651FCED}.Debug|Any CPU.ActiveCfg = Debug|Any CPU
		{DA73B40A-7266-48D8-A391-160AF651FCED}.Debug|Any CPU.Build.0 = Debug|Any CPU
		{DA73B40A-7266-48D8-A391-160AF651FCED}.Release|Any CPU.ActiveCfg = Release|Any CPU
		{DA73B40A-7266-48D8-A391-160AF651FCED}.Release|Any CPU.Build.0 = Release|Any CPU
	EndGlobalSection
	GlobalSection(SolutionProperties) = preSolution
		HideSolutionNode = FALSE
	EndGlobalSection
	GlobalSection(ExtensibilityGlobals) = postSolution
		SolutionGuid = {A1747DEC-67FE-4340-8107-7B6DBC840850}
	EndGlobalSection
EndGlobal
